Microsoft Visual Studio Solution File, Format Version 12.00
# Visual Studio Version 17
VisualStudioVersion = 17.5.2.0
MinimumVisualStudioVersion = 10.0.40219.1
Project("{FAE04EC0-301F-11D3-BF4B-00C04F79EFBC}") = "NewPinpadApi", "NewPinpadApi.csproj", "{5AC22B33-5E14-25E0-E975-E7F224D9BC74}"
EndProject
Global
	GlobalSection(SolutionConfigurationPlatforms) = preSolution
		Debug|Any CPU = Debug|Any CPU
		Release|Any CPU = Release|Any CPU
	EndGlobalSection
	GlobalSection(ProjectConfigurationPlatforms) = postSolution
		{5AC22B33-5E14-25E0-E975-E7F224D9BC74}.Debug|Any CPU.ActiveCfg = Debug|Any CPU
		{5AC22B33-5E14-25E0-E975-E7F224D9BC74}.Debug|Any CPU.Build.0 = Debug|Any CPU
		{5AC22B33-5E14-25E0-E975-E7F224D9BC74}.Release|Any CPU.ActiveCfg = Release|Any CPU
		{5AC22B33-5E14-25E0-E975-E7F224D9BC74}.Release|Any CPU.Build.0 = Release|Any CPU
	EndGlobalSection
	GlobalSection(SolutionProperties) = preSolution
		HideSolutionNode = FALSE
	EndGlobalSection
	GlobalSection(ExtensibilityGlobals) = postSolution
		SolutionGuid = {97F3270C-A980-48ED-81F3-23AE3C7F1526}
	EndGlobalSection
EndGlobal
